// !$*UTF8*$!
{
	archiveVersion = 1;
	classes = {
	};
	objectVersion = 51;
	objects = {

/* Begin PBXBuildFile section */
		0864ECD0FC0E75F4FF97F332 /* Pods_Twitter.framework in Frameworks */ = {isa = PBXBuildFile; fileRef = A4E7CD967209F2980CC3C0F8 /* Pods_Twitter.framework */; };
		6C0FD01BB10E0C0C47FE5E58 /* Pods_TwitterTests.framework in Frameworks */ = {isa = PBXBuildFile; fileRef = 4004F45BB606D513751169A9 /* Pods_TwitterTests.framework */; };
		7FA015566B1F5B0AD3E5A588 /* Pods_TwitterUITests.framework in Frameworks */ = {isa = PBXBuildFile; fileRef = 921ABE0C7EBAF2DC6F8EB884 /* Pods_TwitterUITests.framework */; };
		A910DC2A23334196008F9C5F /* User.swift in Sources */ = {isa = PBXBuildFile; fileRef = A910DC2923334196008F9C5F /* User.swift */; };
		A910DC2C23334B42008F9C5F /* UserCell.swift in Sources */ = {isa = PBXBuildFile; fileRef = A910DC2B23334B42008F9C5F /* UserCell.swift */; };
		A9126F8B2331AA1500C66D05 /* AppDelegate.swift in Sources */ = {isa = PBXBuildFile; fileRef = A9126F8A2331AA1500C66D05 /* AppDelegate.swift */; };
		A9126F922331AA1C00C66D05 /* Assets.xcassets in Resources */ = {isa = PBXBuildFile; fileRef = A9126F912331AA1C00C66D05 /* Assets.xcassets */; };
		A9126F952331AA1C00C66D05 /* LaunchScreen.storyboard in Resources */ = {isa = PBXBuildFile; fileRef = A9126F932331AA1C00C66D05 /* LaunchScreen.storyboard */; };
		A9126FA02331AA1C00C66D05 /* TwitterTests.swift in Sources */ = {isa = PBXBuildFile; fileRef = A9126F9F2331AA1C00C66D05 /* TwitterTests.swift */; };
		A9126FAB2331AA1C00C66D05 /* TwitterUITests.swift in Sources */ = {isa = PBXBuildFile; fileRef = A9126FAA2331AA1C00C66D05 /* TwitterUITests.swift */; };
		A9126FB92331C62E00C66D05 /* HomeController.swift in Sources */ = {isa = PBXBuildFile; fileRef = A9126FB82331C62E00C66D05 /* HomeController.swift */; };
		A9126FBB2331F92800C66D05 /* HomeDatasourceController.swift in Sources */ = {isa = PBXBuildFile; fileRef = A9126FBA2331F92800C66D05 /* HomeDatasourceController.swift */; };
		A9126FC0233201C000C66D05 /* UserHeaderFooter.swift in Sources */ = {isa = PBXBuildFile; fileRef = A9126FBF233201C000C66D05 /* UserHeaderFooter.swift */; };
		A9126FC22332021C00C66D05 /* HomeDatasource.swift in Sources */ = {isa = PBXBuildFile; fileRef = A9126FC12332021C00C66D05 /* HomeDatasource.swift */; };
		A91403302333F5BD0013B910 /* HomeDatasourceController+navbar.swift in Sources */ = {isa = PBXBuildFile; fileRef = A914032F2333F5BD0013B910 /* HomeDatasourceController+navbar.swift */; };
/* End PBXBuildFile section */

/* Begin PBXContainerItemProxy section */
		A9126F9C2331AA1C00C66D05 /* PBXContainerItemProxy */ = {
			isa = PBXContainerItemProxy;
			containerPortal = A9126F7F2331AA1500C66D05 /* Project object */;
			proxyType = 1;
			remoteGlobalIDString = A9126F862331AA1500C66D05;
			remoteInfo = Twitter;
		};
		A9126FA72331AA1C00C66D05 /* PBXContainerItemProxy */ = {
			isa = PBXContainerItemProxy;
			containerPortal = A9126F7F2331AA1500C66D05 /* Project object */;
			proxyType = 1;
			remoteGlobalIDString = A9126F862331AA1500C66D05;
			remoteInfo = Twitter;
		};
/* End PBXContainerItemProxy section */

/* Begin PBXFileReference section */
		32E724486C01968DE9F01CDF /* Pods-Twitter.debug.xcconfig */ = {isa = PBXFileReference; includeInIndex = 1; lastKnownFileType = text.xcconfig; name = "Pods-Twitter.debug.xcconfig"; path = "Target Support Files/Pods-Twitter/Pods-Twitter.debug.xcconfig"; sourceTree = "<group>"; };
		4004F45BB606D513751169A9 /* Pods_TwitterTests.framework */ = {isa = PBXFileReference; explicitFileType = wrapper.framework; includeInIndex = 0; path = Pods_TwitterTests.framework; sourceTree = BUILT_PRODUCTS_DIR; };
		5A585488A532E6CD0343169E /* Pods-TwitterUITests.debug.xcconfig */ = {isa = PBXFileReference; includeInIndex = 1; lastKnownFileType = text.xcconfig; name = "Pods-TwitterUITests.debug.xcconfig"; path = "Target Support Files/Pods-TwitterUITests/Pods-TwitterUITests.debug.xcconfig"; sourceTree = "<group>"; };
		921ABE0C7EBAF2DC6F8EB884 /* Pods_TwitterUITests.framework */ = {isa = PBXFileReference; explicitFileType = wrapper.framework; includeInIndex = 0; path = Pods_TwitterUITests.framework; sourceTree = BUILT_PRODUCTS_DIR; };
		A4E7CD967209F2980CC3C0F8 /* Pods_Twitter.framework */ = {isa = PBXFileReference; explicitFileType = wrapper.framework; includeInIndex = 0; path = Pods_Twitter.framework; sourceTree = BUILT_PRODUCTS_DIR; };
		A910DC2923334196008F9C5F /* User.swift */ = {isa = PBXFileReference; lastKnownFileType = sourcecode.swift; path = User.swift; sourceTree = "<group>"; };
		A910DC2B23334B42008F9C5F /* UserCell.swift */ = {isa = PBXFileReference; lastKnownFileType = sourcecode.swift; path = UserCell.swift; sourceTree = "<group>"; };
		A9126F872331AA1500C66D05 /* Twitter.app */ = {isa = PBXFileReference; explicitFileType = wrapper.application; includeInIndex = 0; path = Twitter.app; sourceTree = BUILT_PRODUCTS_DIR; };
		A9126F8A2331AA1500C66D05 /* AppDelegate.swift */ = {isa = PBXFileReference; lastKnownFileType = sourcecode.swift; path = AppDelegate.swift; sourceTree = "<group>"; };
		A9126F912331AA1C00C66D05 /* Assets.xcassets */ = {isa = PBXFileReference; lastKnownFileType = folder.assetcatalog; path = Assets.xcassets; sourceTree = "<group>"; };
		A9126F942331AA1C00C66D05 /* Base */ = {isa = PBXFileReference; lastKnownFileType = file.storyboard; name = Base; path = Base.lproj/LaunchScreen.storyboard; sourceTree = "<group>"; };
		A9126F962331AA1C00C66D05 /* Info.plist */ = {isa = PBXFileReference; lastKnownFileType = text.plist.xml; path = Info.plist; sourceTree = "<group>"; };
		A9126F9B2331AA1C00C66D05 /* TwitterTests.xctest */ = {isa = PBXFileReference; explicitFileType = wrapper.cfbundle; includeInIndex = 0; path = TwitterTests.xctest; sourceTree = BUILT_PRODUCTS_DIR; };
		A9126F9F2331AA1C00C66D05 /* TwitterTests.swift */ = {isa = PBXFileReference; lastKnownFileType = sourcecode.swift; path = TwitterTests.swift; sourceTree = "<group>"; };
		A9126FA12331AA1C00C66D05 /* Info.plist */ = {isa = PBXFileReference; lastKnownFileType = text.plist.xml; path = Info.plist; sourceTree = "<group>"; };
		A9126FA62331AA1C00C66D05 /* TwitterUITests.xctest */ = {isa = PBXFileReference; explicitFileType = wrapper.cfbundle; includeInIndex = 0; path = TwitterUITests.xctest; sourceTree = BUILT_PRODUCTS_DIR; };
		A9126FAA2331AA1C00C66D05 /* TwitterUITests.swift */ = {isa = PBXFileReference; lastKnownFileType = sourcecode.swift; path = TwitterUITests.swift; sourceTree = "<group>"; };
		A9126FAC2331AA1C00C66D05 /* Info.plist */ = {isa = PBXFileReference; lastKnownFileType = text.plist.xml; path = Info.plist; sourceTree = "<group>"; };
		A9126FB82331C62E00C66D05 /* HomeController.swift */ = {isa = PBXFileReference; lastKnownFileType = sourcecode.swift; path = HomeController.swift; sourceTree = "<group>"; };
		A9126FBA2331F92800C66D05 /* HomeDatasourceController.swift */ = {isa = PBXFileReference; lastKnownFileType = sourcecode.swift; path = HomeDatasourceController.swift; sourceTree = "<group>"; };
		A9126FBF233201C000C66D05 /* UserHeaderFooter.swift */ = {isa = PBXFileReference; lastKnownFileType = sourcecode.swift; path = UserHeaderFooter.swift; sourceTree = "<group>"; };
		A9126FC12332021C00C66D05 /* HomeDatasource.swift */ = {isa = PBXFileReference; lastKnownFileType = sourcecode.swift; path = HomeDatasource.swift; sourceTree = "<group>"; };
		A914032F2333F5BD0013B910 /* HomeDatasourceController+navbar.swift */ = {isa = PBXFileReference; lastKnownFileType = sourcecode.swift; path = "HomeDatasourceController+navbar.swift"; sourceTree = "<group>"; };
		AAD88C2A1645A35BD8D90353 /* Pods-TwitterUITests.release.xcconfig */ = {isa = PBXFileReference; includeInIndex = 1; lastKnownFileType = text.xcconfig; name = "Pods-TwitterUITests.release.xcconfig"; path = "Target Support Files/Pods-TwitterUITests/Pods-TwitterUITests.release.xcconfig"; sourceTree = "<group>"; };
		BF6AD91EB46AB887973B4A16 /* Pods-TwitterTests.debug.xcconfig */ = {isa = PBXFileReference; includeInIndex = 1; lastKnownFileType = text.xcconfig; name = "Pods-TwitterTests.debug.xcconfig"; path = "Target Support Files/Pods-TwitterTests/Pods-TwitterTests.debug.xcconfig"; sourceTree = "<group>"; };
		E725A0D38743A1034EF0C480 /* Pods-Twitter.release.xcconfig */ = {isa = PBXFileReference; includeInIndex = 1; lastKnownFileType = text.xcconfig; name = "Pods-Twitter.release.xcconfig"; path = "Target Support Files/Pods-Twitter/Pods-Twitter.release.xcconfig"; sourceTree = "<group>"; };
		F66D6EC91F7797C4A55916C9 /* Pods-TwitterTests.release.xcconfig */ = {isa = PBXFileReference; includeInIndex = 1; lastKnownFileType = text.xcconfig; name = "Pods-TwitterTests.release.xcconfig"; path = "Target Support Files/Pods-TwitterTests/Pods-TwitterTests.release.xcconfig"; sourceTree = "<group>"; };
/* End PBXFileReference section */

/* Begin PBXFrameworksBuildPhase section */
		A9126F842331AA1500C66D05 /* Frameworks */ = {
			isa = PBXFrameworksBuildPhase;
			buildActionMask = 2147483647;
			files = (
				0864ECD0FC0E75F4FF97F332 /* Pods_Twitter.framework in Frameworks */,
			);
			runOnlyForDeploymentPostprocessing = 0;
		};
		A9126F982331AA1C00C66D05 /* Frameworks */ = {
			isa = PBXFrameworksBuildPhase;
			buildActionMask = 2147483647;
			files = (
				6C0FD01BB10E0C0C47FE5E58 /* Pods_TwitterTests.framework in Frameworks */,
			);
			runOnlyForDeploymentPostprocessing = 0;
		};
		A9126FA32331AA1C00C66D05 /* Frameworks */ = {
			isa = PBXFrameworksBuildPhase;
			buildActionMask = 2147483647;
			files = (
				7FA015566B1F5B0AD3E5A588 /* Pods_TwitterUITests.framework in Frameworks */,
			);
			runOnlyForDeploymentPostprocessing = 0;
		};
/* End PBXFrameworksBuildPhase section */

/* Begin PBXGroup section */
		4501A29ACB3E58114DEF3F35 /* Pods */ = {
			isa = PBXGroup;
			children = (
				32E724486C01968DE9F01CDF /* Pods-Twitter.debug.xcconfig */,
				E725A0D38743A1034EF0C480 /* Pods-Twitter.release.xcconfig */,
				BF6AD91EB46AB887973B4A16 /* Pods-TwitterTests.debug.xcconfig */,
				F66D6EC91F7797C4A55916C9 /* Pods-TwitterTests.release.xcconfig */,
				5A585488A532E6CD0343169E /* Pods-TwitterUITests.debug.xcconfig */,
				AAD88C2A1645A35BD8D90353 /* Pods-TwitterUITests.release.xcconfig */,
			);
			path = Pods;
			sourceTree = "<group>";
		};
		A9126F7E2331AA1500C66D05 = {
			isa = PBXGroup;
			children = (
				A9126F892331AA1500C66D05 /* Twitter */,
				A9126F9E2331AA1C00C66D05 /* TwitterTests */,
				A9126FA92331AA1C00C66D05 /* TwitterUITests */,
				A9126F882331AA1500C66D05 /* Products */,
				4501A29ACB3E58114DEF3F35 /* Pods */,
				B84226B3E86679ECA6843819 /* Frameworks */,
			);
			sourceTree = "<group>";
		};
		A9126F882331AA1500C66D05 /* Products */ = {
			isa = PBXGroup;
			children = (
				A9126F872331AA1500C66D05 /* Twitter.app */,
				A9126F9B2331AA1C00C66D05 /* TwitterTests.xctest */,
				A9126FA62331AA1C00C66D05 /* TwitterUITests.xctest */,
			);
			name = Products;
			sourceTree = "<group>";
		};
		A9126F892331AA1500C66D05 /* Twitter */ = {
			isa = PBXGroup;
			children = (
				A9126F8A2331AA1500C66D05 /* AppDelegate.swift */,
				A9126FB82331C62E00C66D05 /* HomeController.swift */,
				A9126FBC2332016F00C66D05 /* Model */,
				A9126FBD2332017200C66D05 /* View */,
				A9126FBE2332017500C66D05 /* Controller */,
				A9126F912331AA1C00C66D05 /* Assets.xcassets */,
				A9126F932331AA1C00C66D05 /* LaunchScreen.storyboard */,
				A9126F962331AA1C00C66D05 /* Info.plist */,
			);
			path = Twitter;
			sourceTree = "<group>";
		};
		A9126F9E2331AA1C00C66D05 /* TwitterTests */ = {
			isa = PBXGroup;
			children = (
				A9126F9F2331AA1C00C66D05 /* TwitterTests.swift */,
				A9126FA12331AA1C00C66D05 /* Info.plist */,
			);
			path = TwitterTests;
			sourceTree = "<group>";
		};
		A9126FA92331AA1C00C66D05 /* TwitterUITests */ = {
			isa = PBXGroup;
			children = (
				A9126FAA2331AA1C00C66D05 /* TwitterUITests.swift */,
				A9126FAC2331AA1C00C66D05 /* Info.plist */,
			);
			path = TwitterUITests;
			sourceTree = "<group>";
		};
		A9126FBC2332016F00C66D05 /* Model */ = {
			isa = PBXGroup;
			children = (
				A9126FC12332021C00C66D05 /* HomeDatasource.swift */,
				A910DC2923334196008F9C5F /* User.swift */,
			);
			path = Model;
			sourceTree = "<group>";
		};
		A9126FBD2332017200C66D05 /* View */ = {
			isa = PBXGroup;
			children = (
				A9126FBF233201C000C66D05 /* UserHeaderFooter.swift */,
				A910DC2B23334B42008F9C5F /* UserCell.swift */,
			);
			path = View;
			sourceTree = "<group>";
		};
		A9126FBE2332017500C66D05 /* Controller */ = {
			isa = PBXGroup;
			children = (
				A9126FBA2331F92800C66D05 /* HomeDatasourceController.swift */,
				A914032F2333F5BD0013B910 /* HomeDatasourceController+navbar.swift */,
			);
			path = Controller;
			sourceTree = "<group>";
		};
		B84226B3E86679ECA6843819 /* Frameworks */ = {
			isa = PBXGroup;
			children = (
				A4E7CD967209F2980CC3C0F8 /* Pods_Twitter.framework */,
				4004F45BB606D513751169A9 /* Pods_TwitterTests.framework */,
				921ABE0C7EBAF2DC6F8EB884 /* Pods_TwitterUITests.framework */,
			);
			name = Frameworks;
			sourceTree = "<group>";
		};
/* End PBXGroup section */

/* Begin PBXNativeTarget section */
		A9126F862331AA1500C66D05 /* Twitter */ = {
			isa = PBXNativeTarget;
			buildConfigurationList = A9126FAF2331AA1C00C66D05 /* Build configuration list for PBXNativeTarget "Twitter" */;
			buildPhases = (
				EE65A6E972790837F011F43B /* [CP] Check Pods Manifest.lock */,
				A9126F832331AA1500C66D05 /* Sources */,
				A9126F842331AA1500C66D05 /* Frameworks */,
				A9126F852331AA1500C66D05 /* Resources */,
				160DF90E3BF0788498FFD9AD /* [CP] Embed Pods Frameworks */,
			);
			buildRules = (
			);
			dependencies = (
			);
			name = Twitter;
			productName = Twitter;
			productReference = A9126F872331AA1500C66D05 /* Twitter.app */;
			productType = "com.apple.product-type.application";
		};
		A9126F9A2331AA1C00C66D05 /* TwitterTests */ = {
			isa = PBXNativeTarget;
			buildConfigurationList = A9126FB22331AA1C00C66D05 /* Build configuration list for PBXNativeTarget "TwitterTests" */;
			buildPhases = (
				C10048F833EDF96C7CE1E018 /* [CP] Check Pods Manifest.lock */,
				A9126F972331AA1C00C66D05 /* Sources */,
				A9126F982331AA1C00C66D05 /* Frameworks */,
				A9126F992331AA1C00C66D05 /* Resources */,
			);
			buildRules = (
			);
			dependencies = (
				A9126F9D2331AA1C00C66D05 /* PBXTargetDependency */,
			);
			name = TwitterTests;
			productName = TwitterTests;
			productReference = A9126F9B2331AA1C00C66D05 /* TwitterTests.xctest */;
			productType = "com.apple.product-type.bundle.unit-test";
		};
		A9126FA52331AA1C00C66D05 /* TwitterUITests */ = {
			isa = PBXNativeTarget;
			buildConfigurationList = A9126FB52331AA1C00C66D05 /* Build configuration list for PBXNativeTarget "TwitterUITests" */;
			buildPhases = (
				2E0A4CDCB396894824420B4B /* [CP] Check Pods Manifest.lock */,
				A9126FA22331AA1C00C66D05 /* Sources */,
				A9126FA32331AA1C00C66D05 /* Frameworks */,
				A9126FA42331AA1C00C66D05 /* Resources */,
			);
			buildRules = (
			);
			dependencies = (
				A9126FA82331AA1C00C66D05 /* PBXTargetDependency */,
			);
			name = TwitterUITests;
			productName = TwitterUITests;
			productReference = A9126FA62331AA1C00C66D05 /* TwitterUITests.xctest */;
			productType = "com.apple.product-type.bundle.ui-testing";
		};
/* End PBXNativeTarget section */

/* Begin PBXProject section */
		A9126F7F2331AA1500C66D05 /* Project object */ = {
			isa = PBXProject;
			attributes = {
				LastSwiftUpdateCheck = 1030;
				LastUpgradeCheck = 1030;
				ORGANIZATIONNAME = Alejandro;
				TargetAttributes = {
					A9126F862331AA1500C66D05 = {
						CreatedOnToolsVersion = 10.3;
					};
					A9126F9A2331AA1C00C66D05 = {
						CreatedOnToolsVersion = 10.3;
						TestTargetID = A9126F862331AA1500C66D05;
					};
					A9126FA52331AA1C00C66D05 = {
						CreatedOnToolsVersion = 10.3;
						TestTargetID = A9126F862331AA1500C66D05;
					};
				};
			};
			buildConfigurationList = A9126F822331AA1500C66D05 /* Build configuration list for PBXProject "Twitter" */;
			compatibilityVersion = "Xcode 9.3";
			developmentRegion = en;
			hasScannedForEncodings = 0;
			knownRegions = (
				en,
				Base,
			);
			mainGroup = A9126F7E2331AA1500C66D05;
			productRefGroup = A9126F882331AA1500C66D05 /* Products */;
			projectDirPath = "";
			projectRoot = "";
			targets = (
				A9126F862331AA1500C66D05 /* Twitter */,
				A9126F9A2331AA1C00C66D05 /* TwitterTests */,
				A9126FA52331AA1C00C66D05 /* TwitterUITests */,
			);
		};
/* End PBXProject section */

/* Begin PBXResourcesBuildPhase section */
		A9126F852331AA1500C66D05 /* Resources */ = {
			isa = PBXResourcesBuildPhase;
			buildActionMask = 2147483647;
			files = (
				A9126F952331AA1C00C66D05 /* LaunchScreen.storyboard in Resources */,
				A9126F922331AA1C00C66D05 /* Assets.xcassets in Resources */,
			);
			runOnlyForDeploymentPostprocessing = 0;
		};
		A9126F992331AA1C00C66D05 /* Resources */ = {
			isa = PBXResourcesBuildPhase;
			buildActionMask = 2147483647;
			files = (
			);
			runOnlyForDeploymentPostprocessing = 0;
		};
		A9126FA42331AA1C00C66D05 /* Resources */ = {
			isa = PBXResourcesBuildPhase;
			buildActionMask = 2147483647;
			files = (
			);
			runOnlyForDeploymentPostprocessing = 0;
		};
/* End PBXResourcesBuildPhase section */

/* Begin PBXShellScriptBuildPhase section */
		160DF90E3BF0788498FFD9AD /* [CP] Embed Pods Frameworks */ = {
			isa = PBXShellScriptBuildPhase;
			buildActionMask = 2147483647;
			files = (
			);
			inputFileListPaths = (
				"${PODS_ROOT}/Target Support Files/Pods-Twitter/Pods-Twitter-frameworks-${CONFIGURATION}-input-files.xcfilelist",
			);
			name = "[CP] Embed Pods Frameworks";
			outputFileListPaths = (
				"${PODS_ROOT}/Target Support Files/Pods-Twitter/Pods-Twitter-frameworks-${CONFIGURATION}-output-files.xcfilelist",
			);
			runOnlyForDeploymentPostprocessing = 0;
			shellPath = /bin/sh;
			shellScript = "\"${PODS_ROOT}/Target Support Files/Pods-Twitter/Pods-Twitter-frameworks.sh\"\n";
			showEnvVarsInLog = 0;
		};
		2E0A4CDCB396894824420B4B /* [CP] Check Pods Manifest.lock */ = {
			isa = PBXShellScriptBuildPhase;
			buildActionMask = 2147483647;
			files = (
			);
			inputFileListPaths = (
			);
			inputPaths = (
				"${PODS_PODFILE_DIR_PATH}/Podfile.lock",
				"${PODS_ROOT}/Manifest.lock",
			);
			name = "[CP] Check Pods Manifest.lock";
			outputFileListPaths = (
			);
			outputPaths = (
				"$(DERIVED_FILE_DIR)/Pods-TwitterUITests-checkManifestLockResult.txt",
			);
			runOnlyForDeploymentPostprocessing = 0;
			shellPath = /bin/sh;
			shellScript = "diff \"${PODS_PODFILE_DIR_PATH}/Podfile.lock\" \"${PODS_ROOT}/Manifest.lock\" > /dev/null\nif [ $? != 0 ] ; then\n    # print error to STDERR\n    echo \"error: The sandbox is not in sync with the Podfile.lock. Run 'pod install' or update your CocoaPods installation.\" >&2\n    exit 1\nfi\n# This output is used by Xcode 'outputs' to avoid re-running this script phase.\necho \"SUCCESS\" > \"${SCRIPT_OUTPUT_FILE_0}\"\n";
			showEnvVarsInLog = 0;
		};
		C10048F833EDF96C7CE1E018 /* [CP] Check Pods Manifest.lock */ = {
			isa = PBXShellScriptBuildPhase;
			buildActionMask = 2147483647;
			files = (
			);
			inputFileListPaths = (
			);
			inputPaths = (
				"${PODS_PODFILE_DIR_PATH}/Podfile.lock",
				"${PODS_ROOT}/Manifest.lock",
			);
			name = "[CP] Check Pods Manifest.lock";
			outputFileListPaths = (
			);
			outputPaths = (
				"$(DERIVED_FILE_DIR)/Pods-TwitterTests-checkManifestLockResult.txt",
			);
			runOnlyForDeploymentPostprocessing = 0;
			shellPath = /bin/sh;
			shellScript = "diff \"${PODS_PODFILE_DIR_PATH}/Podfile.lock\" \"${PODS_ROOT}/Manifest.lock\" > /dev/null\nif [ $? != 0 ] ; then\n    # print error to STDERR\n    echo \"error: The sandbox is not in sync with the Podfile.lock. Run 'pod install' or update your CocoaPods installation.\" >&2\n    exit 1\nfi\n# This output is used by Xcode 'outputs' to avoid re-running this script phase.\necho \"SUCCESS\" > \"${SCRIPT_OUTPUT_FILE_0}\"\n";
			showEnvVarsInLog = 0;
		};
		EE65A6E972790837F011F43B /* [CP] Check Pods Manifest.lock */ = {
			isa = PBXShellScriptBuildPhase;
			buildActionMask = 2147483647;
			files = (
			);
			inputFileListPaths = (
			);
			inputPaths = (
				"${PODS_PODFILE_DIR_PATH}/Podfile.lock",
				"${PODS_ROOT}/Manifest.lock",
			);
			name = "[CP] Check Pods Manifest.lock";
			outputFileListPaths = (
			);
			outputPaths = (
				"$(DERIVED_FILE_DIR)/Pods-Twitter-checkManifestLockResult.txt",
			);
			runOnlyForDeploymentPostprocessing = 0;
			shellPath = /bin/sh;
			shellScript = "diff \"${PODS_PODFILE_DIR_PATH}/Podfile.lock\" \"${PODS_ROOT}/Manifest.lock\" > /dev/null\nif [ $? != 0 ] ; then\n    # print error to STDERR\n    echo \"error: The sandbox is not in sync with the Podfile.lock. Run 'pod install' or update your CocoaPods installation.\" >&2\n    exit 1\nfi\n# This output is used by Xcode 'outputs' to avoid re-running this script phase.\necho \"SUCCESS\" > \"${SCRIPT_OUTPUT_FILE_0}\"\n";
			showEnvVarsInLog = 0;
		};
/* End PBXShellScriptBuildPhase section */

/* Begin PBXSourcesBuildPhase section */
		A9126F832331AA1500C66D05 /* Sources */ = {
			isa = PBXSourcesBuildPhase;
			buildActionMask = 2147483647;
			files = (
				A9126FC22332021C00C66D05 /* HomeDatasource.swift in Sources */,
				A9126F8B2331AA1500C66D05 /* AppDelegate.swift in Sources */,
				A910DC2A23334196008F9C5F /* User.swift in Sources */,
				A9126FC0233201C000C66D05 /* UserHeaderFooter.swift in Sources */,
				A9126FBB2331F92800C66D05 /* HomeDatasourceController.swift in Sources */,
				A91403302333F5BD0013B910 /* HomeDatasourceController+navbar.swift in Sources */,
				A9126FB92331C62E00C66D05 /* HomeController.swift in Sources */,
				A910DC2C23334B42008F9C5F /* UserCell.swift in Sources */,
			);
			runOnlyForDeploymentPostprocessing = 0;
		};
		A9126F972331AA1C00C66D05 /* Sources */ = {
			isa = PBXSourcesBuildPhase;
			buildActionMask = 2147483647;
			files = (
				A9126FA02331AA1C00C66D05 /* TwitterTests.swift in Sources */,
			);
			runOnlyForDeploymentPostprocessing = 0;
		};
		A9126FA22331AA1C00C66D05 /* Sources */ = {
			isa = PBXSourcesBuildPhase;
			buildActionMask = 2147483647;
			files = (
				A9126FAB2331AA1C00C66D05 /* TwitterUITests.swift in Sources */,
			);
			runOnlyForDeploymentPostprocessing = 0;
		};
/* End PBXSourcesBuildPhase section */

/* Begin PBXTargetDependency section */
		A9126F9D2331AA1C00C66D05 /* PBXTargetDependency */ = {
			isa = PBXTargetDependency;
			target = A9126F862331AA1500C66D05 /* Twitter */;
			targetProxy = A9126F9C2331AA1C00C66D05 /* PBXContainerItemProxy */;
		};
		A9126FA82331AA1C00C66D05 /* PBXTargetDependency */ = {
			isa = PBXTargetDependency;
			target = A9126F862331AA1500C66D05 /* Twitter */;
			targetProxy = A9126FA72331AA1C00C66D05 /* PBXContainerItemProxy */;
		};
/* End PBXTargetDependency section */

/* Begin PBXVariantGroup section */
		A9126F932331AA1C00C66D05 /* LaunchScreen.storyboard */ = {
			isa = PBXVariantGroup;
			children = (
				A9126F942331AA1C00C66D05 /* Base */,
			);
			name = LaunchScreen.storyboard;
			sourceTree = "<group>";
		};
/* End PBXVariantGroup section */

/* Begin XCBuildConfiguration section */
		A9126FAD2331AA1C00C66D05 /* Debug */ = {
			isa = XCBuildConfiguration;
			buildSettings = {
				ALWAYS_SEARCH_USER_PATHS = NO;
				CLANG_ANALYZER_NONNULL = YES;
				CLANG_ANALYZER_NUMBER_OBJECT_CONVERSION = YES_AGGRESSIVE;
				CLANG_CXX_LANGUAGE_STANDARD = "gnu++14";
				CLANG_CXX_LIBRARY = "libc++";
				CLANG_ENABLE_MODULES = YES;
				CLANG_ENABLE_OBJC_ARC = YES;
				CLANG_ENABLE_OBJC_WEAK = YES;
				CLANG_WARN_BLOCK_CAPTURE_AUTORELEASING = YES;
				CLANG_WARN_BOOL_CONVERSION = YES;
				CLANG_WARN_COMMA = YES;
				CLANG_WARN_CONSTANT_CONVERSION = YES;
				CLANG_WARN_DEPRECATED_OBJC_IMPLEMENTATIONS = YES;
				CLANG_WARN_DIRECT_OBJC_ISA_USAGE = YES_ERROR;
				CLANG_WARN_DOCUMENTATION_COMMENTS = YES;
				CLANG_WARN_EMPTY_BODY = YES;
				CLANG_WARN_ENUM_CONVERSION = YES;
				CLANG_WARN_INFINITE_RECURSION = YES;
				CLANG_WARN_INT_CONVERSION = YES;
				CLANG_WARN_NON_LITERAL_NULL_CONVERSION = YES;
				CLANG_WARN_OBJC_IMPLICIT_RETAIN_SELF = YES;
				CLANG_WARN_OBJC_LITERAL_CONVERSION = YES;
				CLANG_WARN_OBJC_ROOT_CLASS = YES_ERROR;
				CLANG_WARN_RANGE_LOOP_ANALYSIS = YES;
				CLANG_WARN_STRICT_PROTOTYPES = YES;
				CLANG_WARN_SUSPICIOUS_MOVE = YES;
				CLANG_WARN_UNGUARDED_AVAILABILITY = YES_AGGRESSIVE;
				CLANG_WARN_UNREACHABLE_CODE = YES;
				CLANG_WARN__DUPLICATE_METHOD_MATCH = YES;
				CODE_SIGN_IDENTITY = "iPhone Developer";
				COPY_PHASE_STRIP = NO;
				DEBUG_INFORMATION_FORMAT = dwarf;
				ENABLE_STRICT_OBJC_MSGSEND = YES;
				ENABLE_TESTABILITY = YES;
				GCC_C_LANGUAGE_STANDARD = gnu11;
				GCC_DYNAMIC_NO_PIC = NO;
				GCC_NO_COMMON_BLOCKS = YES;
				GCC_OPTIMIZATION_LEVEL = 0;
				GCC_PREPROCESSOR_DEFINITIONS = (
					"DEBUG=1",
					"$(inherited)",
				);
				GCC_WARN_64_TO_32_BIT_CONVERSION = YES;
				GCC_WARN_ABOUT_RETURN_TYPE = YES_ERROR;
				GCC_WARN_UNDECLARED_SELECTOR = YES;
				GCC_WARN_UNINITIALIZED_AUTOS = YES_AGGRESSIVE;
				GCC_WARN_UNUSED_FUNCTION = YES;
				GCC_WARN_UNUSED_VARIABLE = YES;
				IPHONEOS_DEPLOYMENT_TARGET = 12.4;
				MTL_ENABLE_DEBUG_INFO = INCLUDE_SOURCE;
				MTL_FAST_MATH = YES;
				ONLY_ACTIVE_ARCH = YES;
				SDKROOT = iphoneos;
				SWIFT_ACTIVE_COMPILATION_CONDITIONS = DEBUG;
				SWIFT_OPTIMIZATION_LEVEL = "-Onone";
			};
			name = Debug;
		};
		A9126FAE2331AA1C00C66D05 /* Release */ = {
			isa = XCBuildConfiguration;
			buildSettings = {
				ALWAYS_SEARCH_USER_PATHS = NO;
				CLANG_ANALYZER_NONNULL = YES;
				CLANG_ANALYZER_NUMBER_OBJECT_CONVERSION = YES_AGGRESSIVE;
				CLANG_CXX_LANGUAGE_STANDARD = "gnu++14";
				CLANG_CXX_LIBRARY = "libc++";
				CLANG_ENABLE_MODULES = YES;
				CLANG_ENABLE_OBJC_ARC = YES;
				CLANG_ENABLE_OBJC_WEAK = YES;
				CLANG_WARN_BLOCK_CAPTURE_AUTORELEASING = YES;
				CLANG_WARN_BOOL_CONVERSION = YES;
				CLANG_WARN_COMMA = YES;
				CLANG_WARN_CONSTANT_CONVERSION = YES;
				CLANG_WARN_DEPRECATED_OBJC_IMPLEMENTATIONS = YES;
				CLANG_WARN_DIRECT_OBJC_ISA_USAGE = YES_ERROR;
				CLANG_WARN_DOCUMENTATION_COMMENTS = YES;
				CLANG_WARN_EMPTY_BODY = YES;
				CLANG_WARN_ENUM_CONVERSION = YES;
				CLANG_WARN_INFINITE_RECURSION = YES;
				CLANG_WARN_INT_CONVERSION = YES;
				CLANG_WARN_NON_LITERAL_NULL_CONVERSION = YES;
				CLANG_WARN_OBJC_IMPLICIT_RETAIN_SELF = YES;
				CLANG_WARN_OBJC_LITERAL_CONVERSION = YES;
				CLANG_WARN_OBJC_ROOT_CLASS = YES_ERROR;
				CLANG_WARN_RANGE_LOOP_ANALYSIS = YES;
				CLANG_WARN_STRICT_PROTOTYPES = YES;
				CLANG_WARN_SUSPICIOUS_MOVE = YES;
				CLANG_WARN_UNGUARDED_AVAILABILITY = YES_AGGRESSIVE;
				CLANG_WARN_UNREACHABLE_CODE = YES;
				CLANG_WARN__DUPLICATE_METHOD_MATCH = YES;
				CODE_SIGN_IDENTITY = "iPhone Developer";
				COPY_PHASE_STRIP = NO;
				DEBUG_INFORMATION_FORMAT = "dwarf-with-dsym";
				ENABLE_NS_ASSERTIONS = NO;
				ENABLE_STRICT_OBJC_MSGSEND = YES;
				GCC_C_LANGUAGE_STANDARD = gnu11;
				GCC_NO_COMMON_BLOCKS = YES;
				GCC_WARN_64_TO_32_BIT_CONVERSION = YES;
				GCC_WARN_ABOUT_RETURN_TYPE = YES_ERROR;
				GCC_WARN_UNDECLARED_SELECTOR = YES;
				GCC_WARN_UNINITIALIZED_AUTOS = YES_AGGRESSIVE;
				GCC_WARN_UNUSED_FUNCTION = YES;
				GCC_WARN_UNUSED_VARIABLE = YES;
				IPHONEOS_DEPLOYMENT_TARGET = 12.4;
				MTL_ENABLE_DEBUG_INFO = NO;
				MTL_FAST_MATH = YES;
				SDKROOT = iphoneos;
				SWIFT_COMPILATION_MODE = wholemodule;
				SWIFT_OPTIMIZATION_LEVEL = "-O";
				VALIDATE_PRODUCT = YES;
			};
			name = Release;
		};
		A9126FB02331AA1C00C66D05 /* Debug */ = {
			isa = XCBuildConfiguration;
			baseConfigurationReference = 32E724486C01968DE9F01CDF /* Pods-Twitter.debug.xcconfig */;
			buildSettings = {
				ASSETCATALOG_COMPILER_APPICON_NAME = AppIcon;
				CODE_SIGN_STYLE = Automatic;
				DEVELOPMENT_TEAM = 3RKND3ZKAJ;
				INFOPLIST_FILE = Twitter/Info.plist;
				LD_RUNPATH_SEARCH_PATHS = (
					"$(inherited)",
					"@executable_path/Frameworks",
				);
				PRODUCT_BUNDLE_IDENTIFIER = com.alejandro.Twitter;
				PRODUCT_NAME = "$(TARGET_NAME)";
				SWIFT_VERSION = 5.0;
				TARGETED_DEVICE_FAMILY = "1,2";
			};
			name = Debug;
		};
		A9126FB12331AA1C00C66D05 /* Release */ = {
			isa = XCBuildConfiguration;
			baseConfigurationReference = E725A0D38743A1034EF0C480 /* Pods-Twitter.release.xcconfig */;
			buildSettings = {
				ASSETCATALOG_COMPILER_APPICON_NAME = AppIcon;
				CODE_SIGN_STYLE = Automatic;
				DEVELOPMENT_TEAM = 3RKND3ZKAJ;
				INFOPLIST_FILE = Twitter/Info.plist;
				LD_RUNPATH_SEARCH_PATHS = (
					"$(inherited)",
					"@executable_path/Frameworks",
				);
				PRODUCT_BUNDLE_IDENTIFIER = com.alejandro.Twitter;
				PRODUCT_NAME = "$(TARGET_NAME)";
				SWIFT_VERSION = 5.0;
				TARGETED_DEVICE_FAMILY = "1,2";
			};
			name = Release;
		};
		A9126FB32331AA1C00C66D05 /* Debug */ = {
			isa = XCBuildConfiguration;
			baseConfigurationReference = BF6AD91EB46AB887973B4A16 /* Pods-TwitterTests.debug.xcconfig */;
			buildSettings = {
				ALWAYS_EMBED_SWIFT_STANDARD_LIBRARIES = YES;
				BUNDLE_LOADER = "$(TEST_HOST)";
				CODE_SIGN_STYLE = Automatic;
				DEVELOPMENT_TEAM = 3RKND3ZKAJ;
				INFOPLIST_FILE = TwitterTests/Info.plist;
				LD_RUNPATH_SEARCH_PATHS = (
					"$(inherited)",
					"@executable_path/Frameworks",
					"@loader_path/Frameworks",
				);
				PRODUCT_BUNDLE_IDENTIFIER = com.alejandro.TwitterTests;
				PRODUCT_NAME = "$(TARGET_NAME)";
				SWIFT_VERSION = 5.0;
				TARGETED_DEVICE_FAMILY = "1,2";
				TEST_HOST = "$(BUILT_PRODUCTS_DIR)/Twitter.app/Twitter";
			};
			name = Debug;
		};
		A9126FB42331AA1C00C66D05 /* Release */ = {
			isa = XCBuildConfiguration;
			baseConfigurationReference = F66D6EC91F7797C4A55916C9 /* Pods-TwitterTests.release.xcconfig */;
			buildSettings = {
				ALWAYS_EMBED_SWIFT_STANDARD_LIBRARIES = YES;
				BUNDLE_LOADER = "$(TEST_HOST)";
				CODE_SIGN_STYLE = Automatic;
				DEVELOPMENT_TEAM = 3RKND3ZKAJ;
				INFOPLIST_FILE = TwitterTests/Info.plist;
				LD_RUNPATH_SEARCH_PATHS = (
					"$(inherited)",
					"@executable_path/Frameworks",
					"@loader_path/Frameworks",
				);
				PRODUCT_BUNDLE_IDENTIFIER = com.alejandro.TwitterTests;
				PRODUCT_NAME = "$(TARGET_NAME)";
				SWIFT_VERSION = 5.0;
				TARGETED_DEVICE_FAMILY = "1,2";
				TEST_HOST = "$(BUILT_PRODUCTS_DIR)/Twitter.app/Twitter";
			};
			name = Release;
		};
		A9126FB62331AA1C00C66D05 /* Debug */ = {
			isa = XCBuildConfiguration;
			baseConfigurationReference = 5A585488A532E6CD0343169E /* Pods-TwitterUITests.debug.xcconfig */;
			buildSettings = {
				ALWAYS_EMBED_SWIFT_STANDARD_LIBRARIES = YES;
				CODE_SIGN_STYLE = Automatic;
				DEVELOPMENT_TEAM = 3RKND3ZKAJ;
				INFOPLIST_FILE = TwitterUITests/Info.plist;
				LD_RUNPATH_SEARCH_PATHS = (
					"$(inherited)",
					"@executable_path/Frameworks",
					"@loader_path/Frameworks",
				);
				PRODUCT_BUNDLE_IDENTIFIER = com.alejandro.TwitterUITests;
				PRODUCT_NAME = "$(TARGET_NAME)";
				SWIFT_VERSION = 5.0;
				TARGETED_DEVICE_FAMILY = "1,2";
				TEST_TARGET_NAME = Twitter;
			};
			name = Debug;
		};
		A9126FB72331AA1C00C66D05 /* Release */ = {
			isa = XCBuildConfiguration;
			baseConfigurationReference = AAD88C2A1645A35BD8D90353 /* Pods-TwitterUITests.release.xcconfig */;
			buildSettings = {
				ALWAYS_EMBED_SWIFT_STANDARD_LIBRARIES = YES;
				CODE_SIGN_STYLE = Automatic;
				DEVELOPMENT_TEAM = 3RKND3ZKAJ;
				INFOPLIST_FILE = TwitterUITests/Info.plist;
				LD_RUNPATH_SEARCH_PATHS = (
					"$(inherited)",
					"@executable_path/Frameworks",
					"@loader_path/Frameworks",
				);
				PRODUCT_BUNDLE_IDENTIFIER = com.alejandro.TwitterUITests;
				PRODUCT_NAME = "$(TARGET_NAME)";
				SWIFT_VERSION = 5.0;
				TARGETED_DEVICE_FAMILY = "1,2";
				TEST_TARGET_NAME = Twitter;
			};
			name = Release;
		};
/* End XCBuildConfiguration section */

/* Begin XCConfigurationList section */
		A9126F822331AA1500C66D05 /* Build configuration list for PBXProject "Twitter" */ = {
			isa = XCConfigurationList;
			buildConfigurations = (
				A9126FAD2331AA1C00C66D05 /* Debug */,
				A9126FAE2331AA1C00C66D05 /* Release */,
			);
			defaultConfigurationIsVisible = 0;
			defaultConfigurationName = Release;
		};
		A9126FAF2331AA1C00C66D05 /* Build configuration list for PBXNativeTarget "Twitter" */ = {
			isa = XCConfigurationList;
			buildConfigurations = (
				A9126FB02331AA1C00C66D05 /* Debug */,
				A9126FB12331AA1C00C66D05 /* Release */,
			);
			defaultConfigurationIsVisible = 0;
			defaultConfigurationName = Release;
		};
		A9126FB22331AA1C00C66D05 /* Build configuration list for PBXNativeTarget "TwitterTests" */ = {
			isa = XCConfigurationList;
			buildConfigurations = (
				A9126FB32331AA1C00C66D05 /* Debug */,
				A9126FB42331AA1C00C66D05 /* Release */,
			);
			defaultConfigurationIsVisible = 0;
			defaultConfigurationName = Release;
		};
		A9126FB52331AA1C00C66D05 /* Build configuration list for PBXNativeTarget "TwitterUITests" */ = {
			isa = XCConfigurationList;
			buildConfigurations = (
				A9126FB62331AA1C00C66D05 /* Debug */,
				A9126FB72331AA1C00C66D05 /* Release */,
			);
			defaultConfigurationIsVisible = 0;
			defaultConfigurationName = Release;
		};
/* End XCConfigurationList section */
	};
	rootObject = A9126F7F2331AA1500C66D05 /* Project object */;
}
